
Microsoft Visual Studio Solution File, Format Version 12.00
# Visual Studio 15
VisualStudioVersion = 15.0.28307.1800
MinimumVisualStudioVersion = 10.0.40219.1
Project("{FAE04EC0-301F-11D3-BF4B-00C04F79EFBC}") = "AddressBook", "AddressBook\AddressBook.csproj", "{CBB5A286-9761-4513-AF74-BBE88249ACAE}"
EndProject
Global
	GlobalSection(SolutionConfigurationPlatforms) = preSolution
		Debug|Any CPU = Debug|Any CPU
		Release|Any CPU = Release|Any CPU
	EndGlobalSection
	GlobalSection(ProjectConfigurationPlatforms) = postSolution
		{CBB5A286-9761-4513-AF74-BBE88249ACAE}.Debug|Any CPU.ActiveCfg = Debug|Any CPU
		{CBB5A286-9761-4513-AF74-BBE88249ACAE}.Debug|Any CPU.Build.0 = Debug|Any CPU
		{CBB5A286-9761-4513-AF74-BBE88249ACAE}.Release|Any CPU.ActiveCfg = Release|Any CPU
		{CBB5A286-9761-4513-AF74-BBE88249ACAE}.Release|Any CPU.Build.0 = Release|Any CPU
	EndGlobalSection
	GlobalSection(SolutionProperties) = preSolution
		HideSolutionNode = FALSE
	EndGlobalSection
	GlobalSection(ExtensibilityGlobals) = postSolution
		SolutionGuid = {A47D3124-F0E4-43B5-99D4-28A50AD5DD6B}
	EndGlobalSection
EndGlobal
